# This file is automatically @generated by Cargo.
# It is not intended for manual editing.
version = 3

[[package]]
name = "son"
version = "0.1.0"
dependencies = [
 "sti",
]

[[package]]
name = "sti"
version = "0.1.11"
source = "git+https://github.com/leddoo/sti#314f6ee959b953dc4ecf3509d4b55513aed89b47"
